
Microsoft Visual Studio Solution File, Format Version 12.00
# Visual Studio Version 16
VisualStudioVersion = 16.0.28621.142
MinimumVisualStudioVersion = 10.0.40219.1
Project("{FAE04EC0-301F-11D3-BF4B-00C04F79EFBC}") = "DPatterns", "DPatterns\DPatterns.csproj", "{90F56572-E13E-4D46-AAF7-53DFB60A0223}"
EndProject
Project("{FAE04EC0-301F-11D3-BF4B-00C04F79EFBC}") = "UnitTestDPatterns", "UnitTestDPatterns\UnitTestDPatterns.csproj", "{8916C31D-4A1A-49C6-A655-AA9DF9A9629C}"
EndProject
Global
	GlobalSection(SolutionConfigurationPlatforms) = preSolution
		Debug|Any CPU = Debug|Any CPU
		Release|Any CPU = Release|Any CPU
	EndGlobalSection
	GlobalSection(ProjectConfigurationPlatforms) = postSolution
		{90F56572-E13E-4D46-AAF7-53DFB60A0223}.Debug|Any CPU.ActiveCfg = Debug|Any CPU
		{90F56572-E13E-4D46-AAF7-53DFB60A0223}.Debug|Any CPU.Build.0 = Debug|Any CPU
		{90F56572-E13E-4D46-AAF7-53DFB60A0223}.Release|Any CPU.ActiveCfg = Release|Any CPU
		{90F56572-E13E-4D46-AAF7-53DFB60A0223}.Release|Any CPU.Build.0 = Release|Any CPU
		{8916C31D-4A1A-49C6-A655-AA9DF9A9629C}.Debug|Any CPU.ActiveCfg = Debug|Any CPU
		{8916C31D-4A1A-49C6-A655-AA9DF9A9629C}.Debug|Any CPU.Build.0 = Debug|Any CPU
		{8916C31D-4A1A-49C6-A655-AA9DF9A9629C}.Release|Any CPU.ActiveCfg = Release|Any CPU
		{8916C31D-4A1A-49C6-A655-AA9DF9A9629C}.Release|Any CPU.Build.0 = Release|Any CPU
	EndGlobalSection
	GlobalSection(SolutionProperties) = preSolution
		HideSolutionNode = FALSE
	EndGlobalSection
	GlobalSection(ExtensibilityGlobals) = postSolution
		SolutionGuid = {0878132B-AA41-4DF0-9F86-0B335E8921DE}
	EndGlobalSection
EndGlobal
